
Microsoft Visual Studio Solution File, Format Version 12.00
# Visual Studio Version 17
VisualStudioVersion = 17.11.35222.181
MinimumVisualStudioVersion = 10.0.40219.1
Project("{FAE04EC0-301F-11D3-BF4B-00C04F79EFBC}") = "CRMForDev.WebApp", "CRMForDev.WebApp\CRMForDev.WebApp.csproj", "{2C606911-425F-4437-B624-4C48E68ACE81}"
EndProject
Global
	GlobalSection(SolutionConfigurationPlatforms) = preSolution
		Debug|Any CPU = Debug|Any CPU
		Release|Any CPU = Release|Any CPU
	EndGlobalSection
	GlobalSection(ProjectConfigurationPlatforms) = postSolution
		{2C606911-425F-4437-B624-4C48E68ACE81}.Debug|Any CPU.ActiveCfg = Debug|Any CPU
		{2C606911-425F-4437-B624-4C48E68ACE81}.Debug|Any CPU.Build.0 = Debug|Any CPU
		{2C606911-425F-4437-B624-4C48E68ACE81}.Release|Any CPU.ActiveCfg = Release|Any CPU
		{2C606911-425F-4437-B624-4C48E68ACE81}.Release|Any CPU.Build.0 = Release|Any CPU
	EndGlobalSection
	GlobalSection(SolutionProperties) = preSolution
		HideSolutionNode = FALSE
	EndGlobalSection
	GlobalSection(ExtensibilityGlobals) = postSolution
		SolutionGuid = {2EA3F013-0DAE-406D-B741-63D4143855B6}
	EndGlobalSection
EndGlobal
